
Microsoft Visual Studio Solution File, Format Version 12.00
# Visual Studio Version 17
VisualStudioVersion = 17.11.35219.272
MinimumVisualStudioVersion = 10.0.40219.1
Project("{888888A0-9F3D-457C-B088-3A5042F75D52}") = "Python_Vigade otsing_2", "Python_Vigade otsing_2.pyproj", "{480B94E7-6948-41FB-BE25-C9F26D9E690A}"
EndProject
Global
	GlobalSection(SolutionConfigurationPlatforms) = preSolution
		Debug|Any CPU = Debug|Any CPU
		Release|Any CPU = Release|Any CPU
	EndGlobalSection
	GlobalSection(ProjectConfigurationPlatforms) = postSolution
		{480B94E7-6948-41FB-BE25-C9F26D9E690A}.Debug|Any CPU.ActiveCfg = Debug|Any CPU
		{480B94E7-6948-41FB-BE25-C9F26D9E690A}.Release|Any CPU.ActiveCfg = Release|Any CPU
	EndGlobalSection
	GlobalSection(SolutionProperties) = preSolution
		HideSolutionNode = FALSE
	EndGlobalSection
	GlobalSection(ExtensibilityGlobals) = postSolution
		SolutionGuid = {596C59B1-7926-4891-8D8C-293A6C165C3C}
	EndGlobalSection
EndGlobal
